
Microsoft Visual Studio Solution File, Format Version 12.00
# Visual Studio Version 17
VisualStudioVersion = 17.3.32929.385
MinimumVisualStudioVersion = 10.0.40219.1
Project("{9A19103F-16F7-4668-BE54-9A1E7A4F7556}") = "LabMethods", "LabMethods\LabMethods.csproj", "{3309847F-AC42-44DE-BB1C-CE06985FB539}"
EndProject
Project("{2150E333-8FDC-42A3-9474-1A3956D46DE8}") = "Test", "Test", "{31C4E748-C36A-4F94-9D05-204D999F3A75}"
EndProject
Project("{9A19103F-16F7-4668-BE54-9A1E7A4F7556}") = "LabMethodsConsole", "Test\LabMethodsConsole\LabMethodsConsole.csproj", "{DC583515-2FD2-44CF-890E-05D2BD83E1AE}"
EndProject
Project("{9A19103F-16F7-4668-BE54-9A1E7A4F7556}") = "LabMethodsTests", "LabMethodsTests\LabMethodsTests.csproj", "{D3A868DD-8371-4378-B8EB-3CCB3DABF3A1}"
EndProject
Global
	GlobalSection(SolutionConfigurationPlatforms) = preSolution
		Debug|Any CPU = Debug|Any CPU
		Release|Any CPU = Release|Any CPU
	EndGlobalSection
	GlobalSection(ProjectConfigurationPlatforms) = postSolution
		{3309847F-AC42-44DE-BB1C-CE06985FB539}.Debug|Any CPU.ActiveCfg = Debug|Any CPU
		{3309847F-AC42-44DE-BB1C-CE06985FB539}.Debug|Any CPU.Build.0 = Debug|Any CPU
		{3309847F-AC42-44DE-BB1C-CE06985FB539}.Release|Any CPU.ActiveCfg = Release|Any CPU
		{3309847F-AC42-44DE-BB1C-CE06985FB539}.Release|Any CPU.Build.0 = Release|Any CPU
		{DC583515-2FD2-44CF-890E-05D2BD83E1AE}.Debug|Any CPU.ActiveCfg = Debug|Any CPU
		{DC583515-2FD2-44CF-890E-05D2BD83E1AE}.Debug|Any CPU.Build.0 = Debug|Any CPU
		{DC583515-2FD2-44CF-890E-05D2BD83E1AE}.Release|Any CPU.ActiveCfg = Release|Any CPU
		{DC583515-2FD2-44CF-890E-05D2BD83E1AE}.Release|Any CPU.Build.0 = Release|Any CPU
		{D3A868DD-8371-4378-B8EB-3CCB3DABF3A1}.Debug|Any CPU.ActiveCfg = Debug|Any CPU
		{D3A868DD-8371-4378-B8EB-3CCB3DABF3A1}.Debug|Any CPU.Build.0 = Debug|Any CPU
		{D3A868DD-8371-4378-B8EB-3CCB3DABF3A1}.Release|Any CPU.ActiveCfg = Release|Any CPU
		{D3A868DD-8371-4378-B8EB-3CCB3DABF3A1}.Release|Any CPU.Build.0 = Release|Any CPU
	EndGlobalSection
	GlobalSection(SolutionProperties) = preSolution
		HideSolutionNode = FALSE
	EndGlobalSection
	GlobalSection(NestedProjects) = preSolution
		{DC583515-2FD2-44CF-890E-05D2BD83E1AE} = {31C4E748-C36A-4F94-9D05-204D999F3A75}
		{D3A868DD-8371-4378-B8EB-3CCB3DABF3A1} = {31C4E748-C36A-4F94-9D05-204D999F3A75}
	EndGlobalSection
	GlobalSection(ExtensibilityGlobals) = postSolution
		SolutionGuid = {C0EF738A-00F4-4B57-B5C5-84DC371CB88B}
	EndGlobalSection
EndGlobal
